// !$*UTF8*$!
{
	archiveVersion = 1;
	classes = {
	};
	objectVersion = 46;
	objects = {

/* Begin PBXBuildFile section */
		6B6E84E01CC48BDA000B9CF9 /* AudioToolbox.framework in Frameworks */ = {isa = PBXBuildFile; fileRef = 6B6E84DF1CC48BDA000B9CF9 /* AudioToolbox.framework */; };
		6B6E84E21CC48BEE000B9CF9 /* CFNetwork.framework in Frameworks */ = {isa = PBXBuildFile; fileRef = 6B6E84E11CC48BEE000B9CF9 /* CFNetwork.framework */; };
		6B6E84E41CC48BF5000B9CF9 /* CoreGraphics.framework in Frameworks */ = {isa = PBXBuildFile; fileRef = 6B6E84E31CC48BF5000B9CF9 /* CoreGraphics.framework */; };
		6B6E84E61CC48BFB000B9CF9 /* CoreLocation.framework in Frameworks */ = {isa = PBXBuildFile; fileRef = 6B6E84E51CC48BFB000B9CF9 /* CoreLocation.framework */; };
		6B6E84E81CC48C00000B9CF9 /* QuartzCore.framework in Frameworks */ = {isa = PBXBuildFile; fileRef = 6B6E84E71CC48C00000B9CF9 /* QuartzCore.framework */; };
		6B6E84EA1CC48C06000B9CF9 /* Security.framework in Frameworks */ = {isa = PBXBuildFile; fileRef = 6B6E84E91CC48C06000B9CF9 /* Security.framework */; };
		6B6E84EC1CC48C0D000B9CF9 /* StoreKit.framework in Frameworks */ = {isa = PBXBuildFile; fileRef = 6B6E84EB1CC48C0D000B9CF9 /* StoreKit.framework */; };
		6B6E84EE1CC48C15000B9CF9 /* libz.tbd in Frameworks */ = {isa = PBXBuildFile; fileRef = 6B6E84ED1CC48C15000B9CF9 /* libz.tbd */; };
		6B6E84F01CC48C1D000B9CF9 /* libsqlite3.tbd in Frameworks */ = {isa = PBXBuildFile; fileRef = 6B6E84EF1CC48C1D000B9CF9 /* libsqlite3.tbd */; };
		6B6E84F21CC48C24000B9CF9 /* Accounts.framework in Frameworks */ = {isa = PBXBuildFile; fileRef = 6B6E84F11CC48C24000B9CF9 /* Accounts.framework */; };
		6B6E84F41CC48C2A000B9CF9 /* Social.framework in Frameworks */ = {isa = PBXBuildFile; fileRef = 6B6E84F31CC48C2A000B9CF9 /* Social.framework */; };
		6B97CCE11CC411A700DB6BB5 /* AppDelegate.swift in Sources */ = {isa = PBXBuildFile; fileRef = 6B97CCE01CC411A700DB6BB5 /* AppDelegate.swift */; };
		6B97CCE31CC411A700DB6BB5 /* ViewController.swift in Sources */ = {isa = PBXBuildFile; fileRef = 6B97CCE21CC411A700DB6BB5 /* ViewController.swift */; };
		6B97CCE61CC411A700DB6BB5 /* Main.storyboard in Resources */ = {isa = PBXBuildFile; fileRef = 6B97CCE41CC411A700DB6BB5 /* Main.storyboard */; };
		6B97CCE81CC411A700DB6BB5 /* Assets.xcassets in Resources */ = {isa = PBXBuildFile; fileRef = 6B97CCE71CC411A700DB6BB5 /* Assets.xcassets */; };
		6B97CCEB1CC411A700DB6BB5 /* LaunchScreen.storyboard in Resources */ = {isa = PBXBuildFile; fileRef = 6B97CCE91CC411A700DB6BB5 /* LaunchScreen.storyboard */; };
		6B97CCF61CC411A700DB6BB5 /* InstaCloneTests.swift in Sources */ = {isa = PBXBuildFile; fileRef = 6B97CCF51CC411A700DB6BB5 /* InstaCloneTests.swift */; };
		6B97CD011CC411A700DB6BB5 /* InstaCloneUITests.swift in Sources */ = {isa = PBXBuildFile; fileRef = 6B97CD001CC411A700DB6BB5 /* InstaCloneUITests.swift */; };
		6B97CD0F1CC4125C00DB6BB5 /* Config.swift in Sources */ = {isa = PBXBuildFile; fileRef = 6B97CD0E1CC4125C00DB6BB5 /* Config.swift */; };
		6B97CD111CC417A700DB6BB5 /* SystemConfiguration.framework in Frameworks */ = {isa = PBXBuildFile; fileRef = 6B97CD101CC417A700DB6BB5 /* SystemConfiguration.framework */; };
		6B97CD1D1CC417B900DB6BB5 /* Alamofire.framework in Frameworks */ = {isa = PBXBuildFile; fileRef = 6B97CD121CC417B900DB6BB5 /* Alamofire.framework */; };
		6B97CD1F1CC417B900DB6BB5 /* Appz.framework in Frameworks */ = {isa = PBXBuildFile; fileRef = 6B97CD141CC417B900DB6BB5 /* Appz.framework */; };
		6B97CD201CC417B900DB6BB5 /* Async.framework in Frameworks */ = {isa = PBXBuildFile; fileRef = 6B97CD151CC417B900DB6BB5 /* Async.framework */; };
		6B97CD211CC417B900DB6BB5 /* Bolts.framework in Frameworks */ = {isa = PBXBuildFile; fileRef = 6B97CD161CC417B900DB6BB5 /* Bolts.framework */; };
		6B97CD221CC417B900DB6BB5 /* Cent.framework in Frameworks */ = {isa = PBXBuildFile; fileRef = 6B97CD171CC417B900DB6BB5 /* Cent.framework */; };
		6B97CD231CC417B900DB6BB5 /* Dollar.framework in Frameworks */ = {isa = PBXBuildFile; fileRef = 6B97CD181CC417B900DB6BB5 /* Dollar.framework */; };
		6B97CD241CC417B900DB6BB5 /* MBProgressHUD.framework in Frameworks */ = {isa = PBXBuildFile; fileRef = 6B97CD191CC417B900DB6BB5 /* MBProgressHUD.framework */; };
		6B97CD261CC417B900DB6BB5 /* SwiftValidator.framework in Frameworks */ = {isa = PBXBuildFile; fileRef = 6B97CD1B1CC417B900DB6BB5 /* SwiftValidator.framework */; };
		6B97CD271CC417B900DB6BB5 /* SwiftyJSON.framework in Frameworks */ = {isa = PBXBuildFile; fileRef = 6B97CD1C1CC417B900DB6BB5 /* SwiftyJSON.framework */; };
		DEDF13FB57BCB0DAB541936B /* libPods-InstaClone.a in Frameworks */ = {isa = PBXBuildFile; fileRef = 86B5444D331D5955E7F46853 /* libPods-InstaClone.a */; };
/* End PBXBuildFile section */

/* Begin PBXContainerItemProxy section */
		6B97CCF21CC411A700DB6BB5 /* PBXContainerItemProxy */ = {
			isa = PBXContainerItemProxy;
			containerPortal = 6B97CCD51CC411A700DB6BB5 /* Project object */;
			proxyType = 1;
			remoteGlobalIDString = 6B97CCDC1CC411A700DB6BB5;
			remoteInfo = InstaClone;
		};
		6B97CCFD1CC411A700DB6BB5 /* PBXContainerItemProxy */ = {
			isa = PBXContainerItemProxy;
			containerPortal = 6B97CCD51CC411A700DB6BB5 /* Project object */;
			proxyType = 1;
			remoteGlobalIDString = 6B97CCDC1CC411A700DB6BB5;
			remoteInfo = InstaClone;
		};
/* End PBXContainerItemProxy section */

/* Begin PBXFileReference section */
		02099F14E490EAB202508AD6 /* Pods-InstaClone.debug.xcconfig */ = {isa = PBXFileReference; includeInIndex = 1; lastKnownFileType = text.xcconfig; name = "Pods-InstaClone.debug.xcconfig"; path = "Pods/Target Support Files/Pods-InstaClone/Pods-InstaClone.debug.xcconfig"; sourceTree = "<group>"; };
		6B6E84DF1CC48BDA000B9CF9 /* AudioToolbox.framework */ = {isa = PBXFileReference; lastKnownFileType = wrapper.framework; name = AudioToolbox.framework; path = System/Library/Frameworks/AudioToolbox.framework; sourceTree = SDKROOT; };
		6B6E84E11CC48BEE000B9CF9 /* CFNetwork.framework */ = {isa = PBXFileReference; lastKnownFileType = wrapper.framework; name = CFNetwork.framework; path = System/Library/Frameworks/CFNetwork.framework; sourceTree = SDKROOT; };
		6B6E84E31CC48BF5000B9CF9 /* CoreGraphics.framework */ = {isa = PBXFileReference; lastKnownFileType = wrapper.framework; name = CoreGraphics.framework; path = System/Library/Frameworks/CoreGraphics.framework; sourceTree = SDKROOT; };
		6B6E84E51CC48BFB000B9CF9 /* CoreLocation.framework */ = {isa = PBXFileReference; lastKnownFileType = wrapper.framework; name = CoreLocation.framework; path = System/Library/Frameworks/CoreLocation.framework; sourceTree = SDKROOT; };
		6B6E84E71CC48C00000B9CF9 /* QuartzCore.framework */ = {isa = PBXFileReference; lastKnownFileType = wrapper.framework; name = QuartzCore.framework; path = System/Library/Frameworks/QuartzCore.framework; sourceTree = SDKROOT; };
		6B6E84E91CC48C06000B9CF9 /* Security.framework */ = {isa = PBXFileReference; lastKnownFileType = wrapper.framework; name = Security.framework; path = System/Library/Frameworks/Security.framework; sourceTree = SDKROOT; };
		6B6E84EB1CC48C0D000B9CF9 /* StoreKit.framework */ = {isa = PBXFileReference; lastKnownFileType = wrapper.framework; name = StoreKit.framework; path = System/Library/Frameworks/StoreKit.framework; sourceTree = SDKROOT; };
		6B6E84ED1CC48C15000B9CF9 /* libz.tbd */ = {isa = PBXFileReference; lastKnownFileType = "sourcecode.text-based-dylib-definition"; name = libz.tbd; path = usr/lib/libz.tbd; sourceTree = SDKROOT; };
		6B6E84EF1CC48C1D000B9CF9 /* libsqlite3.tbd */ = {isa = PBXFileReference; lastKnownFileType = "sourcecode.text-based-dylib-definition"; name = libsqlite3.tbd; path = usr/lib/libsqlite3.tbd; sourceTree = SDKROOT; };
		6B6E84F11CC48C24000B9CF9 /* Accounts.framework */ = {isa = PBXFileReference; lastKnownFileType = wrapper.framework; name = Accounts.framework; path = System/Library/Frameworks/Accounts.framework; sourceTree = SDKROOT; };
		6B6E84F31CC48C2A000B9CF9 /* Social.framework */ = {isa = PBXFileReference; lastKnownFileType = wrapper.framework; name = Social.framework; path = System/Library/Frameworks/Social.framework; sourceTree = SDKROOT; };
		6B97CCDD1CC411A700DB6BB5 /* InstaClone.app */ = {isa = PBXFileReference; explicitFileType = wrapper.application; includeInIndex = 0; path = InstaClone.app; sourceTree = BUILT_PRODUCTS_DIR; };
		6B97CCE01CC411A700DB6BB5 /* AppDelegate.swift */ = {isa = PBXFileReference; lastKnownFileType = sourcecode.swift; path = AppDelegate.swift; sourceTree = "<group>"; };
		6B97CCE21CC411A700DB6BB5 /* ViewController.swift */ = {isa = PBXFileReference; lastKnownFileType = sourcecode.swift; path = ViewController.swift; sourceTree = "<group>"; };
		6B97CCE51CC411A700DB6BB5 /* Base */ = {isa = PBXFileReference; lastKnownFileType = file.storyboard; name = Base; path = Base.lproj/Main.storyboard; sourceTree = "<group>"; };
		6B97CCE71CC411A700DB6BB5 /* Assets.xcassets */ = {isa = PBXFileReference; lastKnownFileType = folder.assetcatalog; path = Assets.xcassets; sourceTree = "<group>"; };
		6B97CCEA1CC411A700DB6BB5 /* Base */ = {isa = PBXFileReference; lastKnownFileType = file.storyboard; name = Base; path = Base.lproj/LaunchScreen.storyboard; sourceTree = "<group>"; };
		6B97CCEC1CC411A700DB6BB5 /* Info.plist */ = {isa = PBXFileReference; lastKnownFileType = text.plist.xml; path = Info.plist; sourceTree = "<group>"; };
		6B97CCF11CC411A700DB6BB5 /* InstaCloneTests.xctest */ = {isa = PBXFileReference; explicitFileType = wrapper.cfbundle; includeInIndex = 0; path = InstaCloneTests.xctest; sourceTree = BUILT_PRODUCTS_DIR; };
		6B97CCF51CC411A700DB6BB5 /* InstaCloneTests.swift */ = {isa = PBXFileReference; lastKnownFileType = sourcecode.swift; path = InstaCloneTests.swift; sourceTree = "<group>"; };
		6B97CCF71CC411A700DB6BB5 /* Info.plist */ = {isa = PBXFileReference; lastKnownFileType = text.plist.xml; path = Info.plist; sourceTree = "<group>"; };
		6B97CCFC1CC411A700DB6BB5 /* InstaCloneUITests.xctest */ = {isa = PBXFileReference; explicitFileType = wrapper.cfbundle; includeInIndex = 0; path = InstaCloneUITests.xctest; sourceTree = BUILT_PRODUCTS_DIR; };
		6B97CD001CC411A700DB6BB5 /* InstaCloneUITests.swift */ = {isa = PBXFileReference; lastKnownFileType = sourcecode.swift; path = InstaCloneUITests.swift; sourceTree = "<group>"; };
		6B97CD021CC411A700DB6BB5 /* Info.plist */ = {isa = PBXFileReference; lastKnownFileType = text.plist.xml; path = Info.plist; sourceTree = "<group>"; };
		6B97CD0E1CC4125C00DB6BB5 /* Config.swift */ = {isa = PBXFileReference; fileEncoding = 4; lastKnownFileType = sourcecode.swift; path = Config.swift; sourceTree = "<group>"; };
		6B97CD101CC417A700DB6BB5 /* SystemConfiguration.framework */ = {isa = PBXFileReference; lastKnownFileType = wrapper.framework; name = SystemConfiguration.framework; path = System/Library/Frameworks/SystemConfiguration.framework; sourceTree = SDKROOT; };
		6B97CD121CC417B900DB6BB5 /* Alamofire.framework */ = {isa = PBXFileReference; lastKnownFileType = wrapper.framework; name = Alamofire.framework; path = Carthage/Build/iOS/Alamofire.framework; sourceTree = "<group>"; };
		6B97CD131CC417B900DB6BB5 /* AlamofireImage.framework */ = {isa = PBXFileReference; lastKnownFileType = wrapper.framework; name = AlamofireImage.framework; path = Carthage/Build/iOS/AlamofireImage.framework; sourceTree = "<group>"; };
		6B97CD141CC417B900DB6BB5 /* Appz.framework */ = {isa = PBXFileReference; lastKnownFileType = wrapper.framework; name = Appz.framework; path = Carthage/Build/iOS/Appz.framework; sourceTree = "<group>"; };
		6B97CD151CC417B900DB6BB5 /* Async.framework */ = {isa = PBXFileReference; lastKnownFileType = wrapper.framework; name = Async.framework; path = Carthage/Build/iOS/Async.framework; sourceTree = "<group>"; };
		6B97CD161CC417B900DB6BB5 /* Bolts.framework */ = {isa = PBXFileReference; lastKnownFileType = wrapper.framework; name = Bolts.framework; path = Carthage/Build/iOS/Bolts.framework; sourceTree = "<group>"; };
		6B97CD171CC417B900DB6BB5 /* Cent.framework */ = {isa = PBXFileReference; lastKnownFileType = wrapper.framework; name = Cent.framework; path = Carthage/Build/iOS/Cent.framework; sourceTree = "<group>"; };
		6B97CD181CC417B900DB6BB5 /* Dollar.framework */ = {isa = PBXFileReference; lastKnownFileType = wrapper.framework; name = Dollar.framework; path = Carthage/Build/iOS/Dollar.framework; sourceTree = "<group>"; };
		6B97CD191CC417B900DB6BB5 /* MBProgressHUD.framework */ = {isa = PBXFileReference; lastKnownFileType = wrapper.framework; name = MBProgressHUD.framework; path = Carthage/Build/iOS/MBProgressHUD.framework; sourceTree = "<group>"; };
		6B97CD1A1CC417B900DB6BB5 /* Parse.framework */ = {isa = PBXFileReference; lastKnownFileType = wrapper.framework; name = Parse.framework; path = Carthage/Build/iOS/Parse.framework; sourceTree = "<group>"; };
		6B97CD1B1CC417B900DB6BB5 /* SwiftValidator.framework */ = {isa = PBXFileReference; lastKnownFileType = wrapper.framework; name = SwiftValidator.framework; path = Carthage/Build/iOS/SwiftValidator.framework; sourceTree = "<group>"; };
		6B97CD1C1CC417B900DB6BB5 /* SwiftyJSON.framework */ = {isa = PBXFileReference; lastKnownFileType = wrapper.framework; name = SwiftyJSON.framework; path = Carthage/Build/iOS/SwiftyJSON.framework; sourceTree = "<group>"; };
		86B5444D331D5955E7F46853 /* libPods-InstaClone.a */ = {isa = PBXFileReference; explicitFileType = archive.ar; includeInIndex = 0; path = "libPods-InstaClone.a"; sourceTree = BUILT_PRODUCTS_DIR; };
		A5B4CF4FD76DF4BBCE11EE25 /* Pods-InstaClone.release.xcconfig */ = {isa = PBXFileReference; includeInIndex = 1; lastKnownFileType = text.xcconfig; name = "Pods-InstaClone.release.xcconfig"; path = "Pods/Target Support Files/Pods-InstaClone/Pods-InstaClone.release.xcconfig"; sourceTree = "<group>"; };
/* End PBXFileReference section */

/* Begin PBXFrameworksBuildPhase section */
		6B97CCDA1CC411A700DB6BB5 /* Frameworks */ = {
			isa = PBXFrameworksBuildPhase;
			buildActionMask = 2147483647;
			files = (
				6B6E84F01CC48C1D000B9CF9 /* libsqlite3.tbd in Frameworks */,
				6B6E84EE1CC48C15000B9CF9 /* libz.tbd in Frameworks */,
				6B6E84F21CC48C24000B9CF9 /* Accounts.framework in Frameworks */,
				6B97CD1D1CC417B900DB6BB5 /* Alamofire.framework in Frameworks */,
				6B97CD1F1CC417B900DB6BB5 /* Appz.framework in Frameworks */,
				6B97CD201CC417B900DB6BB5 /* Async.framework in Frameworks */,
				6B6E84E01CC48BDA000B9CF9 /* AudioToolbox.framework in Frameworks */,
				6B97CD211CC417B900DB6BB5 /* Bolts.framework in Frameworks */,
				6B97CD221CC417B900DB6BB5 /* Cent.framework in Frameworks */,
				6B6E84E21CC48BEE000B9CF9 /* CFNetwork.framework in Frameworks */,
				6B6E84E41CC48BF5000B9CF9 /* CoreGraphics.framework in Frameworks */,
				6B6E84E61CC48BFB000B9CF9 /* CoreLocation.framework in Frameworks */,
				6B97CD231CC417B900DB6BB5 /* Dollar.framework in Frameworks */,
				6B97CD241CC417B900DB6BB5 /* MBProgressHUD.framework in Frameworks */,
				6B6E84E81CC48C00000B9CF9 /* QuartzCore.framework in Frameworks */,
				6B97CD261CC417B900DB6BB5 /* SwiftValidator.framework in Frameworks */,
				6B97CD271CC417B900DB6BB5 /* SwiftyJSON.framework in Frameworks */,
				6B6E84F41CC48C2A000B9CF9 /* Social.framework in Frameworks */,
				6B6E84EA1CC48C06000B9CF9 /* Security.framework in Frameworks */,
				6B6E84EC1CC48C0D000B9CF9 /* StoreKit.framework in Frameworks */,
				6B97CD111CC417A700DB6BB5 /* SystemConfiguration.framework in Frameworks */,
				DEDF13FB57BCB0DAB541936B /* libPods-InstaClone.a in Frameworks */,
			);
			runOnlyForDeploymentPostprocessing = 0;
		};
		6B97CCEE1CC411A700DB6BB5 /* Frameworks */ = {
			isa = PBXFrameworksBuildPhase;
			buildActionMask = 2147483647;
			files = (
			);
			runOnlyForDeploymentPostprocessing = 0;
		};
		6B97CCF91CC411A700DB6BB5 /* Frameworks */ = {
			isa = PBXFrameworksBuildPhase;
			buildActionMask = 2147483647;
			files = (
			);
			runOnlyForDeploymentPostprocessing = 0;
		};
/* End PBXFrameworksBuildPhase section */

/* Begin PBXGroup section */
		6B97CCD41CC411A700DB6BB5 = {
			isa = PBXGroup;
			children = (
				6B97CD291CC4193700DB6BB5 /* Frameworks */,
				6B97CCDF1CC411A700DB6BB5 /* InstaClone */,
				6B97CCF41CC411A700DB6BB5 /* InstaCloneTests */,
				6B97CCFF1CC411A700DB6BB5 /* InstaCloneUITests */,
				6B97CCDE1CC411A700DB6BB5 /* Products */,
				E39E828D1D60D8817A5A24CA /* Pods */,
			);
			sourceTree = "<group>";
		};
		6B97CCDE1CC411A700DB6BB5 /* Products */ = {
			isa = PBXGroup;
			children = (
				6B97CCDD1CC411A700DB6BB5 /* InstaClone.app */,
				6B97CCF11CC411A700DB6BB5 /* InstaCloneTests.xctest */,
				6B97CCFC1CC411A700DB6BB5 /* InstaCloneUITests.xctest */,
			);
			name = Products;
			sourceTree = "<group>";
		};
		6B97CCDF1CC411A700DB6BB5 /* InstaClone */ = {
			isa = PBXGroup;
			children = (
				6B97CCE01CC411A700DB6BB5 /* AppDelegate.swift */,
				6B97CCE21CC411A700DB6BB5 /* ViewController.swift */,
				6B97CCE41CC411A700DB6BB5 /* Main.storyboard */,
				6B97CCE71CC411A700DB6BB5 /* Assets.xcassets */,
				6B97CCE91CC411A700DB6BB5 /* LaunchScreen.storyboard */,
				6B97CCEC1CC411A700DB6BB5 /* Info.plist */,
				6B97CD0E1CC4125C00DB6BB5 /* Config.swift */,
			);
			path = InstaClone;
			sourceTree = "<group>";
		};
		6B97CCF41CC411A700DB6BB5 /* InstaCloneTests */ = {
			isa = PBXGroup;
			children = (
				6B97CCF51CC411A700DB6BB5 /* InstaCloneTests.swift */,
				6B97CCF71CC411A700DB6BB5 /* Info.plist */,
			);
			path = InstaCloneTests;
			sourceTree = "<group>";
		};
		6B97CCFF1CC411A700DB6BB5 /* InstaCloneUITests */ = {
			isa = PBXGroup;
			children = (
				6B97CD001CC411A700DB6BB5 /* InstaCloneUITests.swift */,
				6B97CD021CC411A700DB6BB5 /* Info.plist */,
			);
			path = InstaCloneUITests;
			sourceTree = "<group>";
		};
		6B97CD291CC4193700DB6BB5 /* Frameworks */ = {
			isa = PBXGroup;
			children = (
				6B6E84F31CC48C2A000B9CF9 /* Social.framework */,
				6B6E84F11CC48C24000B9CF9 /* Accounts.framework */,
				6B6E84EF1CC48C1D000B9CF9 /* libsqlite3.tbd */,
				6B6E84ED1CC48C15000B9CF9 /* libz.tbd */,
				6B6E84EB1CC48C0D000B9CF9 /* StoreKit.framework */,
				6B6E84E91CC48C06000B9CF9 /* Security.framework */,
				6B6E84E71CC48C00000B9CF9 /* QuartzCore.framework */,
				6B6E84E51CC48BFB000B9CF9 /* CoreLocation.framework */,
				6B6E84E31CC48BF5000B9CF9 /* CoreGraphics.framework */,
				6B6E84E11CC48BEE000B9CF9 /* CFNetwork.framework */,
				6B6E84DF1CC48BDA000B9CF9 /* AudioToolbox.framework */,
				6B97CD121CC417B900DB6BB5 /* Alamofire.framework */,
				6B97CD131CC417B900DB6BB5 /* AlamofireImage.framework */,
				6B97CD141CC417B900DB6BB5 /* Appz.framework */,
				6B97CD151CC417B900DB6BB5 /* Async.framework */,
				6B97CD161CC417B900DB6BB5 /* Bolts.framework */,
				6B97CD171CC417B900DB6BB5 /* Cent.framework */,
				6B97CD181CC417B900DB6BB5 /* Dollar.framework */,
				6B97CD191CC417B900DB6BB5 /* MBProgressHUD.framework */,
				6B97CD1A1CC417B900DB6BB5 /* Parse.framework */,
				6B97CD1B1CC417B900DB6BB5 /* SwiftValidator.framework */,
				6B97CD1C1CC417B900DB6BB5 /* SwiftyJSON.framework */,
				6B97CD101CC417A700DB6BB5 /* SystemConfiguration.framework */,
				86B5444D331D5955E7F46853 /* libPods-InstaClone.a */,
			);
			name = Frameworks;
			sourceTree = "<group>";
		};
		E39E828D1D60D8817A5A24CA /* Pods */ = {
			isa = PBXGroup;
			children = (
				02099F14E490EAB202508AD6 /* Pods-InstaClone.debug.xcconfig */,
				A5B4CF4FD76DF4BBCE11EE25 /* Pods-InstaClone.release.xcconfig */,
			);
			name = Pods;
			sourceTree = "<group>";
		};
/* End PBXGroup section */

/* Begin PBXNativeTarget section */
		6B97CCDC1CC411A700DB6BB5 /* InstaClone */ = {
			isa = PBXNativeTarget;
			buildConfigurationList = 6B97CD051CC411A700DB6BB5 /* Build configuration list for PBXNativeTarget "InstaClone" */;
			buildPhases = (
				E82DA13671F95A034261C163 /* [CP] Check Pods Manifest.lock */,
				6B97CCD91CC411A700DB6BB5 /* Sources */,
				6B97CCDB1CC411A700DB6BB5 /* Resources */,
				6B97CCDA1CC411A700DB6BB5 /* Frameworks */,
				6B97CD281CC4181400DB6BB5 /* ShellScript */,
				597C4BD61AEC85E19FDA7395 /* [CP] Embed Pods Frameworks */,
				022AD963883F22AE10A53E27 /* [CP] Copy Pods Resources */,
			);
			buildRules = (
			);
			dependencies = (
			);
			name = InstaClone;
			productName = InstaClone;
			productReference = 6B97CCDD1CC411A700DB6BB5 /* InstaClone.app */;
			productType = "com.apple.product-type.application";
		};
		6B97CCF01CC411A700DB6BB5 /* InstaCloneTests */ = {
			isa = PBXNativeTarget;
			buildConfigurationList = 6B97CD081CC411A700DB6BB5 /* Build configuration list for PBXNativeTarget "InstaCloneTests" */;
			buildPhases = (
				6B97CCED1CC411A700DB6BB5 /* Sources */,
				6B97CCEE1CC411A700DB6BB5 /* Frameworks */,
				6B97CCEF1CC411A700DB6BB5 /* Resources */,
			);
			buildRules = (
			);
			dependencies = (
				6B97CCF31CC411A700DB6BB5 /* PBXTargetDependency */,
			);
			name = InstaCloneTests;
			productName = InstaCloneTests;
			productReference = 6B97CCF11CC411A700DB6BB5 /* InstaCloneTests.xctest */;
			productType = "com.apple.product-type.bundle.unit-test";
		};
		6B97CCFB1CC411A700DB6BB5 /* InstaCloneUITests */ = {
			isa = PBXNativeTarget;
			buildConfigurationList = 6B97CD0B1CC411A700DB6BB5 /* Build configuration list for PBXNativeTarget "InstaCloneUITests" */;
			buildPhases = (
				6B97CCF81CC411A700DB6BB5 /* Sources */,
				6B97CCF91CC411A700DB6BB5 /* Frameworks */,
				6B97CCFA1CC411A700DB6BB5 /* Resources */,
			);
			buildRules = (
			);
			dependencies = (
				6B97CCFE1CC411A700DB6BB5 /* PBXTargetDependency */,
			);
			name = InstaCloneUITests;
			productName = InstaCloneUITests;
			productReference = 6B97CCFC1CC411A700DB6BB5 /* InstaCloneUITests.xctest */;
			productType = "com.apple.product-type.bundle.ui-testing";
		};
/* End PBXNativeTarget section */

/* Begin PBXProject section */
		6B97CCD51CC411A700DB6BB5 /* Project object */ = {
			isa = PBXProject;
			attributes = {
				LastSwiftUpdateCheck = 0730;
				LastUpgradeCheck = 0730;
				ORGANIZATIONNAME = "Chris Mendez";
				TargetAttributes = {
					6B97CCDC1CC411A700DB6BB5 = {
						CreatedOnToolsVersion = 7.3;
						LastSwiftMigration = 0810;
					};
					6B97CCF01CC411A700DB6BB5 = {
						CreatedOnToolsVersion = 7.3;
						LastSwiftMigration = 0810;
						TestTargetID = 6B97CCDC1CC411A700DB6BB5;
					};
					6B97CCFB1CC411A700DB6BB5 = {
						CreatedOnToolsVersion = 7.3;
						LastSwiftMigration = 0810;
						TestTargetID = 6B97CCDC1CC411A700DB6BB5;
					};
				};
			};
			buildConfigurationList = 6B97CCD81CC411A700DB6BB5 /* Build configuration list for PBXProject "InstaClone" */;
			compatibilityVersion = "Xcode 3.2";
			developmentRegion = English;
			hasScannedForEncodings = 0;
			knownRegions = (
				en,
				Base,
			);
			mainGroup = 6B97CCD41CC411A700DB6BB5;
			productRefGroup = 6B97CCDE1CC411A700DB6BB5 /* Products */;
			projectDirPath = "";
			projectRoot = "";
			targets = (
				6B97CCDC1CC411A700DB6BB5 /* InstaClone */,
				6B97CCF01CC411A700DB6BB5 /* InstaCloneTests */,
				6B97CCFB1CC411A700DB6BB5 /* InstaCloneUITests */,
			);
		};
/* End PBXProject section */

/* Begin PBXResourcesBuildPhase section */
		6B97CCDB1CC411A700DB6BB5 /* Resources */ = {
			isa = PBXResourcesBuildPhase;
			buildActionMask = 2147483647;
			files = (
				6B97CCEB1CC411A700DB6BB5 /* LaunchScreen.storyboard in Resources */,
				6B97CCE81CC411A700DB6BB5 /* Assets.xcassets in Resources */,
				6B97CCE61CC411A700DB6BB5 /* Main.storyboard in Resources */,
			);
			runOnlyForDeploymentPostprocessing = 0;
		};
		6B97CCEF1CC411A700DB6BB5 /* Resources */ = {
			isa = PBXResourcesBuildPhase;
			buildActionMask = 2147483647;
			files = (
			);
			runOnlyForDeploymentPostprocessing = 0;
		};
		6B97CCFA1CC411A700DB6BB5 /* Resources */ = {
			isa = PBXResourcesBuildPhase;
			buildActionMask = 2147483647;
			files = (
			);
			runOnlyForDeploymentPostprocessing = 0;
		};
/* End PBXResourcesBuildPhase section */

/* Begin PBXShellScriptBuildPhase section */
		022AD963883F22AE10A53E27 /* [CP] Copy Pods Resources */ = {
			isa = PBXShellScriptBuildPhase;
			buildActionMask = 2147483647;
			files = (
			);
			inputPaths = (
			);
			name = "[CP] Copy Pods Resources";
			outputPaths = (
			);
			runOnlyForDeploymentPostprocessing = 0;
			shellPath = /bin/sh;
			shellScript = "\"${SRCROOT}/Pods/Target Support Files/Pods-InstaClone/Pods-InstaClone-resources.sh\"\n";
			showEnvVarsInLog = 0;
		};
		597C4BD61AEC85E19FDA7395 /* [CP] Embed Pods Frameworks */ = {
			isa = PBXShellScriptBuildPhase;
			buildActionMask = 2147483647;
			files = (
			);
			inputPaths = (
			);
			name = "[CP] Embed Pods Frameworks";
			outputPaths = (
			);
			runOnlyForDeploymentPostprocessing = 0;
			shellPath = /bin/sh;
			shellScript = "\"${SRCROOT}/Pods/Target Support Files/Pods-InstaClone/Pods-InstaClone-frameworks.sh\"\n";
			showEnvVarsInLog = 0;
		};
		6B97CD281CC4181400DB6BB5 /* ShellScript */ = {
			isa = PBXShellScriptBuildPhase;
			buildActionMask = 2147483647;
			files = (
			);
			inputPaths = (
				"$(SRCROOT)/Carthage/Build/iOS/Alamofire.framework",
				"$(SRCROOT)/Carthage/Build/iOS/Appz.framework",
				"$(SRCROOT)/Carthage/Build/iOS/Async.framework",
				"$(SRCROOT)/Carthage/Build/iOS/Bolts.framework",
				"$(SRCROOT)/Carthage/Build/iOS/Cent.framework",
				"$(SRCROOT)/Carthage/Build/iOS/Dollar.framework",
				"$(SRCROOT)/Carthage/Build/iOS/MBProgressHUD.framework",
				"$(SRCROOT)/Carthage/Build/iOS/SwiftValidator.framework",
				"$(SRCROOT)/Carthage/Build/iOS/SwiftyJSON.framework",
			);
			outputPaths = (
			);
			runOnlyForDeploymentPostprocessing = 0;
			shellPath = /bin/sh;
			shellScript = "/usr/local/bin/carthage copy-frameworks";
		};
		E82DA13671F95A034261C163 /* [CP] Check Pods Manifest.lock */ = {
			isa = PBXShellScriptBuildPhase;
			buildActionMask = 2147483647;
			files = (
			);
			inputPaths = (
			);
			name = "[CP] Check Pods Manifest.lock";
			outputPaths = (
			);
			runOnlyForDeploymentPostprocessing = 0;
			shellPath = /bin/sh;
			shellScript = "diff \"${PODS_ROOT}/../Podfile.lock\" \"${PODS_ROOT}/Manifest.lock\" > /dev/null\nif [[ $? != 0 ]] ; then\n    cat << EOM\nerror: The sandbox is not in sync with the Podfile.lock. Run 'pod install' or update your CocoaPods installation.\nEOM\n    exit 1\nfi\n";
			showEnvVarsInLog = 0;
		};
/* End PBXShellScriptBuildPhase section */

/* Begin PBXSourcesBuildPhase section */
		6B97CCD91CC411A700DB6BB5 /* Sources */ = {
			isa = PBXSourcesBuildPhase;
			buildActionMask = 2147483647;
			files = (
				6B97CCE31CC411A700DB6BB5 /* ViewController.swift in Sources */,
				6B97CCE11CC411A700DB6BB5 /* AppDelegate.swift in Sources */,
				6B97CD0F1CC4125C00DB6BB5 /* Config.swift in Sources */,
			);
			runOnlyForDeploymentPostprocessing = 0;
		};
		6B97CCED1CC411A700DB6BB5 /* Sources */ = {
			isa = PBXSourcesBuildPhase;
			buildActionMask = 2147483647;
			files = (
				6B97CCF61CC411A700DB6BB5 /* InstaCloneTests.swift in Sources */,
			);
			runOnlyForDeploymentPostprocessing = 0;
		};
		6B97CCF81CC411A700DB6BB5 /* Sources */ = {
			isa = PBXSourcesBuildPhase;
			buildActionMask = 2147483647;
			files = (
				6B97CD011CC411A700DB6BB5 /* InstaCloneUITests.swift in Sources */,
			);
			runOnlyForDeploymentPostprocessing = 0;
		};
/* End PBXSourcesBuildPhase section */

/* Begin PBXTargetDependency section */
		6B97CCF31CC411A700DB6BB5 /* PBXTargetDependency */ = {
			isa = PBXTargetDependency;
			target = 6B97CCDC1CC411A700DB6BB5 /* InstaClone */;
			targetProxy = 6B97CCF21CC411A700DB6BB5 /* PBXContainerItemProxy */;
		};
		6B97CCFE1CC411A700DB6BB5 /* PBXTargetDependency */ = {
			isa = PBXTargetDependency;
			target = 6B97CCDC1CC411A700DB6BB5 /* InstaClone */;
			targetProxy = 6B97CCFD1CC411A700DB6BB5 /* PBXContainerItemProxy */;
		};
/* End PBXTargetDependency section */

/* Begin PBXVariantGroup section */
		6B97CCE41CC411A700DB6BB5 /* Main.storyboard */ = {
			isa = PBXVariantGroup;
			children = (
				6B97CCE51CC411A700DB6BB5 /* Base */,
			);
			name = Main.storyboard;
			sourceTree = "<group>";
		};
		6B97CCE91CC411A700DB6BB5 /* LaunchScreen.storyboard */ = {
			isa = PBXVariantGroup;
			children = (
				6B97CCEA1CC411A700DB6BB5 /* Base */,
			);
			name = LaunchScreen.storyboard;
			sourceTree = "<group>";
		};
/* End PBXVariantGroup section */

/* Begin XCBuildConfiguration section */
		6B97CD031CC411A700DB6BB5 /* Debug */ = {
			isa = XCBuildConfiguration;
			buildSettings = {
				ALWAYS_SEARCH_USER_PATHS = NO;
				CLANG_ANALYZER_NONNULL = YES;
				CLANG_CXX_LANGUAGE_STANDARD = "gnu++0x";
				CLANG_CXX_LIBRARY = "libc++";
				CLANG_ENABLE_MODULES = YES;
				CLANG_ENABLE_OBJC_ARC = YES;
				CLANG_WARN_BOOL_CONVERSION = YES;
				CLANG_WARN_CONSTANT_CONVERSION = YES;
				CLANG_WARN_DIRECT_OBJC_ISA_USAGE = YES_ERROR;
				CLANG_WARN_EMPTY_BODY = YES;
				CLANG_WARN_ENUM_CONVERSION = YES;
				CLANG_WARN_INT_CONVERSION = YES;
				CLANG_WARN_OBJC_ROOT_CLASS = YES_ERROR;
				CLANG_WARN_UNREACHABLE_CODE = YES;
				CLANG_WARN__DUPLICATE_METHOD_MATCH = YES;
				"CODE_SIGN_IDENTITY[sdk=iphoneos*]" = "iPhone Developer";
				COPY_PHASE_STRIP = NO;
				DEBUG_INFORMATION_FORMAT = dwarf;
				ENABLE_STRICT_OBJC_MSGSEND = YES;
				ENABLE_TESTABILITY = YES;
				GCC_C_LANGUAGE_STANDARD = gnu99;
				GCC_DYNAMIC_NO_PIC = NO;
				GCC_NO_COMMON_BLOCKS = YES;
				GCC_OPTIMIZATION_LEVEL = 0;
				GCC_PREPROCESSOR_DEFINITIONS = (
					"DEBUG=1",
					"$(inherited)",
				);
				GCC_WARN_64_TO_32_BIT_CONVERSION = YES;
				GCC_WARN_ABOUT_RETURN_TYPE = YES_ERROR;
				GCC_WARN_UNDECLARED_SELECTOR = YES;
				GCC_WARN_UNINITIALIZED_AUTOS = YES_AGGRESSIVE;
				GCC_WARN_UNUSED_FUNCTION = YES;
				GCC_WARN_UNUSED_VARIABLE = YES;
				IPHONEOS_DEPLOYMENT_TARGET = 9.3;
				MTL_ENABLE_DEBUG_INFO = YES;
				ONLY_ACTIVE_ARCH = YES;
				SDKROOT = iphoneos;
				SWIFT_OPTIMIZATION_LEVEL = "-Onone";
			};
			name = Debug;
		};
		6B97CD041CC411A700DB6BB5 /* Release */ = {
			isa = XCBuildConfiguration;
			buildSettings = {
				ALWAYS_SEARCH_USER_PATHS = NO;
				CLANG_ANALYZER_NONNULL = YES;
				CLANG_CXX_LANGUAGE_STANDARD = "gnu++0x";
				CLANG_CXX_LIBRARY = "libc++";
				CLANG_ENABLE_MODULES = YES;
				CLANG_ENABLE_OBJC_ARC = YES;
				CLANG_WARN_BOOL_CONVERSION = YES;
				CLANG_WARN_CONSTANT_CONVERSION = YES;
				CLANG_WARN_DIRECT_OBJC_ISA_USAGE = YES_ERROR;
				CLANG_WARN_EMPTY_BODY = YES;
				CLANG_WARN_ENUM_CONVERSION = YES;
				CLANG_WARN_INT_CONVERSION = YES;
				CLANG_WARN_OBJC_ROOT_CLASS = YES_ERROR;
				CLANG_WARN_UNREACHABLE_CODE = YES;
				CLANG_WARN__DUPLICATE_METHOD_MATCH = YES;
				"CODE_SIGN_IDENTITY[sdk=iphoneos*]" = "iPhone Developer";
				COPY_PHASE_STRIP = NO;
				DEBUG_INFORMATION_FORMAT = "dwarf-with-dsym";
				ENABLE_NS_ASSERTIONS = NO;
				ENABLE_STRICT_OBJC_MSGSEND = YES;
				GCC_C_LANGUAGE_STANDARD = gnu99;
				GCC_NO_COMMON_BLOCKS = YES;
				GCC_WARN_64_TO_32_BIT_CONVERSION = YES;
				GCC_WARN_ABOUT_RETURN_TYPE = YES_ERROR;
				GCC_WARN_UNDECLARED_SELECTOR = YES;
				GCC_WARN_UNINITIALIZED_AUTOS = YES_AGGRESSIVE;
				GCC_WARN_UNUSED_FUNCTION = YES;
				GCC_WARN_UNUSED_VARIABLE = YES;
				IPHONEOS_DEPLOYMENT_TARGET = 9.3;
				MTL_ENABLE_DEBUG_INFO = NO;
				SDKROOT = iphoneos;
				VALIDATE_PRODUCT = YES;
			};
			name = Release;
		};
		6B97CD061CC411A700DB6BB5 /* Debug */ = {
			isa = XCBuildConfiguration;
			baseConfigurationReference = 02099F14E490EAB202508AD6 /* Pods-InstaClone.debug.xcconfig */;
			buildSettings = {
				ASSETCATALOG_COMPILER_APPICON_NAME = AppIcon;
				FRAMEWORK_SEARCH_PATHS = (
					"$(inherited)",
					"$(PROJECT_DIR)/Carthage/Build/iOS",
				);
				INFOPLIST_FILE = InstaClone/Info.plist;
				LD_RUNPATH_SEARCH_PATHS = "$(inherited) @executable_path/Frameworks";
				PRODUCT_BUNDLE_IDENTIFIER = com.chrisjmendez.InstaClone;
				PRODUCT_NAME = "$(TARGET_NAME)";
				SWIFT_VERSION = 3.0;
			};
			name = Debug;
		};
		6B97CD071CC411A700DB6BB5 /* Release */ = {
			isa = XCBuildConfiguration;
			baseConfigurationReference = A5B4CF4FD76DF4BBCE11EE25 /* Pods-InstaClone.release.xcconfig */;
			buildSettings = {
				ASSETCATALOG_COMPILER_APPICON_NAME = AppIcon;
				FRAMEWORK_SEARCH_PATHS = (
					"$(inherited)",
					"$(PROJECT_DIR)/Carthage/Build/iOS",
				);
				INFOPLIST_FILE = InstaClone/Info.plist;
				LD_RUNPATH_SEARCH_PATHS = "$(inherited) @executable_path/Frameworks";
				PRODUCT_BUNDLE_IDENTIFIER = com.chrisjmendez.InstaClone;
				PRODUCT_NAME = "$(TARGET_NAME)";
				SWIFT_VERSION = 3.0;
			};
			name = Release;
		};
		6B97CD091CC411A700DB6BB5 /* Debug */ = {
			isa = XCBuildConfiguration;
			buildSettings = {
				BUNDLE_LOADER = "$(TEST_HOST)";
				INFOPLIST_FILE = InstaCloneTests/Info.plist;
				LD_RUNPATH_SEARCH_PATHS = "$(inherited) @executable_path/Frameworks @loader_path/Frameworks";
				PRODUCT_BUNDLE_IDENTIFIER = com.chrisjmendez.InstaCloneTests;
				PRODUCT_NAME = "$(TARGET_NAME)";
				SWIFT_VERSION = 3.0;
				TEST_HOST = "$(BUILT_PRODUCTS_DIR)/InstaClone.app/InstaClone";
			};
			name = Debug;
		};
		6B97CD0A1CC411A700DB6BB5 /* Release */ = {
			isa = XCBuildConfiguration;
			buildSettings = {
				BUNDLE_LOADER = "$(TEST_HOST)";
				INFOPLIST_FILE = InstaCloneTests/Info.plist;
				LD_RUNPATH_SEARCH_PATHS = "$(inherited) @executable_path/Frameworks @loader_path/Frameworks";
				PRODUCT_BUNDLE_IDENTIFIER = com.chrisjmendez.InstaCloneTests;
				PRODUCT_NAME = "$(TARGET_NAME)";
				SWIFT_VERSION = 3.0;
				TEST_HOST = "$(BUILT_PRODUCTS_DIR)/InstaClone.app/InstaClone";
			};
			name = Release;
		};
		6B97CD0C1CC411A700DB6BB5 /* Debug */ = {
			isa = XCBuildConfiguration;
			buildSettings = {
				INFOPLIST_FILE = InstaCloneUITests/Info.plist;
				LD_RUNPATH_SEARCH_PATHS = "$(inherited) @executable_path/Frameworks @loader_path/Frameworks";
				PRODUCT_BUNDLE_IDENTIFIER = com.chrisjmendez.InstaCloneUITests;
				PRODUCT_NAME = "$(TARGET_NAME)";
				SWIFT_VERSION = 3.0;
				TEST_TARGET_NAME = InstaClone;
			};
			name = Debug;
		};
		6B97CD0D1CC411A700DB6BB5 /* Release */ = {
			isa = XCBuildConfiguration;
			buildSettings = {
				INFOPLIST_FILE = InstaCloneUITests/Info.plist;
				LD_RUNPATH_SEARCH_PATHS = "$(inherited) @executable_path/Frameworks @loader_path/Frameworks";
				PRODUCT_BUNDLE_IDENTIFIER = com.chrisjmendez.InstaCloneUITests;
				PRODUCT_NAME = "$(TARGET_NAME)";
				SWIFT_VERSION = 3.0;
				TEST_TARGET_NAME = InstaClone;
			};
			name = Release;
		};
/* End XCBuildConfiguration section */

/* Begin XCConfigurationList section */
		6B97CCD81CC411A700DB6BB5 /* Build configuration list for PBXProject "InstaClone" */ = {
			isa = XCConfigurationList;
			buildConfigurations = (
				6B97CD031CC411A700DB6BB5 /* Debug */,
				6B97CD041CC411A700DB6BB5 /* Release */,
			);
			defaultConfigurationIsVisible = 0;
			defaultConfigurationName = Release;
		};
		6B97CD051CC411A700DB6BB5 /* Build configuration list for PBXNativeTarget "InstaClone" */ = {
			isa = XCConfigurationList;
			buildConfigurations = (
				6B97CD061CC411A700DB6BB5 /* Debug */,
				6B97CD071CC411A700DB6BB5 /* Release */,
			);
			defaultConfigurationIsVisible = 0;
			defaultConfigurationName = Release;
		};
		6B97CD081CC411A700DB6BB5 /* Build configuration list for PBXNativeTarget "InstaCloneTests" */ = {
			isa = XCConfigurationList;
			buildConfigurations = (
				6B97CD091CC411A700DB6BB5 /* Debug */,
				6B97CD0A1CC411A700DB6BB5 /* Release */,
			);
			defaultConfigurationIsVisible = 0;
			defaultConfigurationName = Release;
		};
		6B97CD0B1CC411A700DB6BB5 /* Build configuration list for PBXNativeTarget "InstaCloneUITests" */ = {
			isa = XCConfigurationList;
			buildConfigurations = (
				6B97CD0C1CC411A700DB6BB5 /* Debug */,
				6B97CD0D1CC411A700DB6BB5 /* Release */,
			);
			defaultConfigurationIsVisible = 0;
			defaultConfigurationName = Release;
		};
/* End XCConfigurationList section */
	};
	rootObject = 6B97CCD51CC411A700DB6BB5 /* Project object */;
}
